<?xml version="1.0" encoding="utf-8"?>
<Project ToolsVersion="4.0" xmlns="http://schemas.microsoft.com/developer/msbuild/2003">
  <ItemGroup>
    <Filter Include="Arquivos de Origem">
      <UniqueIdentifier>{4FC737F1-C7A5-4376-A066-2A32D752A2FF}</UniqueIdentifier>
      <Extensions>cpp;c;cc;cxx;c++;cppm;ixx;def;odl;idl;hpj;bat;asm;asmx</Extensions>
    </Filter>
    <Filter Include="Arquivos de Cabeçalho">
      <UniqueIdentifier>{93995380-89BD-4b04-88EB-625FBE52EBFB}</UniqueIdentifier>
      <Extensions>h;hh;hpp;hxx;h++;hm;inl;inc;ipp;xsd</Extensions>
    </Filter>
    <Filter Include="Arquivos de Recurso">
      <UniqueIdentifier>{67DA6AB6-F800-4c08-8B7A-83BB121AAD01}</UniqueIdentifier>
      <Extensions>rc;ico;cur;bmp;dlg;rc2;rct;bin;rgs;gif;jpg;jpeg;jpe;resx;tiff;tif;png;wav;mfcribbon-ms</Extensions>
    </Filter>
    <Filter Include="Arquivos de Cabeçalho\States">
      <UniqueIdentifier>{77421edd-748d-48e0-ba41-04fca42ed848}</UniqueIdentifier>
    </Filter>
    <Filter Include="Arquivos de Cabeçalho\Entidades">
      <UniqueIdentifier>{3f9f1458-e71b-424b-8b82-650818b44e47}</UniqueIdentifier>
    </Filter>
    <Filter Include="Arquivos de Cabeçalho\Entidades\Personagens">
      <UniqueIdentifier>{f7435b34-915d-4a2b-851d-85c4c079b4dd}</UniqueIdentifier>
    </Filter>
    <Filter Include="Arquivos de Cabeçalho\Gerenciadores">
      <UniqueIdentifier>{47c997f8-42b4-4236-90cc-33f6767d09f2}</UniqueIdentifier>
    </Filter>
    <Filter Include="Arquivos de Cabeçalho\Listas">
      <UniqueIdentifier>{4bb13338-1bd1-4546-8345-8beba81c0f3b}</UniqueIdentifier>
    </Filter>
    <Filter Include="Arquivos de Cabeçalho\Fases">
      <UniqueIdentifier>{e1f96789-9a6d-447b-b1c0-110e8d8ee502}</UniqueIdentifier>
    </Filter>
    <Filter Include="Arquivos de Cabeçalho\Entidades\Obstaculos">
      <UniqueIdentifier>{9d04cf14-dfaf-4701-b71b-3973b16b40c0}</UniqueIdentifier>
    </Filter>
    <Filter Include="Arquivos de Origem\Entidades">
      <UniqueIdentifier>{95263ee9-19e2-439e-a999-5bfe3ea8fbee}</UniqueIdentifier>
    </Filter>
    <Filter Include="Arquivos de Origem\Entidades\Obstaculos">
      <UniqueIdentifier>{21bc6dfb-2dbc-45e9-859b-1d75ab921d9f}</UniqueIdentifier>
    </Filter>
    <Filter Include="Arquivos de Origem\Entidades\Personagens">
      <UniqueIdentifier>{a7ec2ec6-32ce-4c0a-8e38-e2c7d54f76b2}</UniqueIdentifier>
    </Filter>
    <Filter Include="Arquivos de Origem\Gerenciadores">
      <UniqueIdentifier>{016af27e-f031-416d-ad51-bc6ae85aa0f1}</UniqueIdentifier>
    </Filter>
    <Filter Include="Arquivos de Origem\Fases">
      <UniqueIdentifier>{6007f843-13d2-427b-a39e-42f923a1d11e}</UniqueIdentifier>
    </Filter>
    <Filter Include="Arquivos de Origem\States">
      <UniqueIdentifier>{bf171681-549f-4cb8-9386-9944815ec2e2}</UniqueIdentifier>
    </Filter>
    <Filter Include="Arquivos de Origem\Listas">
      <UniqueIdentifier>{704ac44b-db63-497b-aa69-97f8ef191a8b}</UniqueIdentifier>
    </Filter>
    <Filter Include="Arquivos de Origem\Elementos Visuais">
      <UniqueIdentifier>{959c53c4-53cb-491a-9030-456be58ee69a}</UniqueIdentifier>
    </Filter>
    <Filter Include="Arquivos de Cabeçalho\Elementos Visuais">
      <UniqueIdentifier>{bbb529ef-b2fb-467a-9e8b-da5acf564ac4}</UniqueIdentifier>
    </Filter>
    <Filter Include="Arquivos de Cabeçalho\Entidades\Projetis">
      <UniqueIdentifier>{02274687-8a48-4a31-8086-aa28b5e6104c}</UniqueIdentifier>
    </Filter>
    <Filter Include="Arquivos de Origem\Entidades\Projetis">
      <UniqueIdentifier>{3c896714-a336-4517-9c29-a56bd6b0f0ac}</UniqueIdentifier>
    </Filter>
  </ItemGroup>
  <ItemGroup>
    <ClCompile Include="Ente.cpp">
      <Filter>Arquivos de Origem</Filter>
    </ClCompile>
    <ClCompile Include="Game.cpp">
      <Filter>Arquivos de Origem</Filter>
    </ClCompile>
    <ClCompile Include="stdafx.cpp">
      <Filter>Arquivos de Origem</Filter>
    </ClCompile>
    <ClCompile Include="YouTank.cpp">
      <Filter>Arquivos de Origem</Filter>
    </ClCompile>
    <ClCompile Include="CollisionManager.cpp">
      <Filter>Arquivos de Origem\Gerenciadores</Filter>
    </ClCompile>
    <ClCompile Include="EventManager.cpp">
      <Filter>Arquivos de Origem\Gerenciadores</Filter>
    </ClCompile>
    <ClCompile Include="GraphicManager.cpp">
      <Filter>Arquivos de Origem\Gerenciadores</Filter>
    </ClCompile>
    <ClCompile Include="InputManager.cpp">
      <Filter>Arquivos de Origem\Gerenciadores</Filter>
    </ClCompile>
    <ClCompile Include="Elemento.cpp">
      <Filter>Arquivos de Origem\Listas</Filter>
    </ClCompile>
    <ClCompile Include="Entidade.cpp">
      <Filter>Arquivos de Origem\Entidades</Filter>
    </ClCompile>
    <ClCompile Include="Inimigo.cpp">
      <Filter>Arquivos de Origem\Entidades\Personagens</Filter>
    </ClCompile>
    <ClCompile Include="Abelha.cpp">
      <Filter>Arquivos de Origem\Entidades\Personagens</Filter>
    </ClCompile>
    <ClCompile Include="Lista.cpp">
      <Filter>Arquivos de Origem\Listas</Filter>
    </ClCompile>
    <ClCompile Include="ListaEntidades.cpp">
      <Filter>Arquivos de Origem\Listas</Filter>
    </ClCompile>
    <ClCompile Include="Obstaculo.cpp">
      <Filter>Arquivos de Origem\Entidades\Obstaculos</Filter>
    </ClCompile>
    <ClCompile Include="Personagem.cpp">
      <Filter>Arquivos de Origem\Entidades\Personagens</Filter>
    </ClCompile>
    <ClCompile Include="Plataforma.cpp">
      <Filter>Arquivos de Origem\Entidades\Obstaculos</Filter>
    </ClCompile>
    <ClCompile Include="Jogador.cpp">
      <Filter>Arquivos de Origem\Entidades\Personagens</Filter>
    </ClCompile>
    <ClCompile Include="MenuState.cpp">
      <Filter>Arquivos de Origem\States</Filter>
    </ClCompile>
    <ClCompile Include="GameState.cpp">
      <Filter>Arquivos de Origem\States</Filter>
    </ClCompile>
    <ClCompile Include="Fase.cpp">
      <Filter>Arquivos de Origem\Fases</Filter>
    </ClCompile>
    <ClCompile Include="FasePrimeira.cpp">
      <Filter>Arquivos de Origem\Fases</Filter>
    </ClCompile>
    <ClCompile Include="AbelhaRainha.cpp">
      <Filter>Arquivos de Origem\Entidades\Personagens</Filter>
    </ClCompile>
    <ClCompile Include="State.cpp">
      <Filter>Arquivos de Origem\States</Filter>
    </ClCompile>
    <ClCompile Include="Background.cpp">
      <Filter>Arquivos de Origem\Elementos Visuais</Filter>
    </ClCompile>
    <ClCompile Include="Button.cpp">
      <Filter>Arquivos de Origem\Elementos Visuais</Filter>
    </ClCompile>
    <ClCompile Include="BarraVida.cpp">
      <Filter>Arquivos de Origem\Elementos Visuais</Filter>
    </ClCompile>
    <ClCompile Include="Cogumelo.cpp">
      <Filter>Arquivos de Origem</Filter>
    </ClCompile>
    <ClCompile Include="Orbe.cpp">
      <Filter>Arquivos de Origem\Entidades\Projetis</Filter>
    </ClCompile>
    <ClCompile Include="Projetil.cpp">
      <Filter>Arquivos de Origem\Entidades\Projetis</Filter>
    </ClCompile>
    <ClCompile Include="Ferrao.cpp">
      <Filter>Arquivos de Origem</Filter>
    </ClCompile>
    <ClCompile Include="PauseState.cpp">
      <Filter>Arquivos de Origem</Filter>
    </ClCompile>
    <ClCompile Include="Curandeira.cpp">
      <Filter>Arquivos de Origem</Filter>
    </ClCompile>
    <ClCompile Include="OrbeCura.cpp">
      <Filter>Arquivos de Origem</Filter>
    </ClCompile>
  </ItemGroup>
  <ItemGroup>
    <ClInclude Include="Game.h">
      <Filter>Arquivos de Cabeçalho</Filter>
    </ClInclude>
    <ClInclude Include="stdafx.h">
      <Filter>Arquivos de Cabeçalho</Filter>
    </ClInclude>
    <ClInclude Include="State.h">
      <Filter>Arquivos de Cabeçalho\States</Filter>
    </ClInclude>
    <ClInclude Include="MenuState.h">
      <Filter>Arquivos de Cabeçalho\States</Filter>
    </ClInclude>
    <ClInclude Include="GameState.h">
      <Filter>Arquivos de Cabeçalho\States</Filter>
    </ClInclude>
    <ClInclude Include="Inimigo.h">
      <Filter>Arquivos de Cabeçalho\Entidades\Personagens</Filter>
    </ClInclude>
    <ClInclude Include="Jogador.h">
      <Filter>Arquivos de Cabeçalho\Entidades\Personagens</Filter>
    </ClInclude>
    <ClInclude Include="Abelha.h">
      <Filter>Arquivos de Cabeçalho\Entidades\Personagens</Filter>
    </ClInclude>
    <ClInclude Include="AbelhaRainha.h">
      <Filter>Arquivos de Cabeçalho\Entidades\Personagens</Filter>
    </ClInclude>
    <ClInclude Include="Entidade.h">
      <Filter>Arquivos de Cabeçalho\Entidades</Filter>
    </ClInclude>
    <ClInclude Include="CollisionManager.h">
      <Filter>Arquivos de Cabeçalho\Gerenciadores</Filter>
    </ClInclude>
    <ClInclude Include="EventManager.h">
      <Filter>Arquivos de Cabeçalho\Gerenciadores</Filter>
    </ClInclude>
    <ClInclude Include="GraphicManager.h">
      <Filter>Arquivos de Cabeçalho\Gerenciadores</Filter>
    </ClInclude>
    <ClInclude Include="InputManager.h">
      <Filter>Arquivos de Cabeçalho\Gerenciadores</Filter>
    </ClInclude>
    <ClInclude Include="ListaEntidades.h">
      <Filter>Arquivos de Cabeçalho\Listas</Filter>
    </ClInclude>
    <ClInclude Include="Lista.h">
      <Filter>Arquivos de Cabeçalho\Listas</Filter>
    </ClInclude>
    <ClInclude Include="Elemento.h">
      <Filter>Arquivos de Cabeçalho\Listas</Filter>
    </ClInclude>
    <ClInclude Include="FasePrimeira.h">
      <Filter>Arquivos de Cabeçalho\Fases</Filter>
    </ClInclude>
    <ClInclude Include="Fase.h">
      <Filter>Arquivos de Cabeçalho\Fases</Filter>
    </ClInclude>
    <ClInclude Include="Obstaculo.h">
      <Filter>Arquivos de Cabeçalho\Entidades\Obstaculos</Filter>
    </ClInclude>
    <ClInclude Include="Personagem.h">
      <Filter>Arquivos de Cabeçalho\Entidades\Personagens</Filter>
    </ClInclude>
    <ClInclude Include="Plataforma.h">
      <Filter>Arquivos de Cabeçalho\Entidades\Obstaculos</Filter>
    </ClInclude>
    <ClInclude Include="Global.h">
      <Filter>Arquivos de Cabeçalho</Filter>
    </ClInclude>
    <ClInclude Include="Background.h">
      <Filter>Arquivos de Cabeçalho\Elementos Visuais</Filter>
    </ClInclude>
    <ClInclude Include="Button.h">
      <Filter>Arquivos de Cabeçalho\Elementos Visuais</Filter>
    </ClInclude>
    <ClInclude Include="Orbe.h">
      <Filter>Arquivos de Cabeçalho\Entidades\Projetis</Filter>
    </ClInclude>
    <ClInclude Include="Projetil.h">
      <Filter>Arquivos de Cabeçalho\Entidades\Projetis</Filter>
    </ClInclude>
    <ClInclude Include="Ente.h">
      <Filter>Arquivos de Cabeçalho</Filter>
    </ClInclude>
    <ClInclude Include="BarraVida.h">
      <Filter>Arquivos de Cabeçalho\Elementos Visuais</Filter>
    </ClInclude>
    <ClInclude Include="Cogumelo.h">
      <Filter>Arquivos de Cabeçalho\Entidades\Personagens</Filter>
    </ClInclude>
    <ClInclude Include="Ferrao.h">
      <Filter>Arquivos de Cabeçalho\Entidades\Projetis</Filter>
    </ClInclude>
    <ClInclude Include="PauseState.h">
      <Filter>Arquivos de Cabeçalho</Filter>
    </ClInclude>
    <ClInclude Include="Curandeira.h">
      <Filter>Arquivos de Cabeçalho</Filter>
    </ClInclude>
    <ClInclude Include="OrbeCura.h">
      <Filter>Arquivos de Cabeçalho</Filter>
    </ClInclude>
  </ItemGroup>
</Project>